
Microsoft Visual Studio Solution File, Format Version 12.00
# Visual Studio 15
VisualStudioVersion = 15.0.28307.102
MinimumVisualStudioVersion = 10.0.40219.1
Project("{FAE04EC0-301F-11D3-BF4B-00C04F79EFBC}") = "GoodLife_Asp", "GoodLife_Asp\GoodLife_Asp.csproj", "{FABEB65B-B0E7-4EE4-8675-5D355C410832}"
EndProject
Global
	GlobalSection(SolutionConfigurationPlatforms) = preSolution
		Debug|Any CPU = Debug|Any CPU
		Release|Any CPU = Release|Any CPU
	EndGlobalSection
	GlobalSection(ProjectConfigurationPlatforms) = postSolution
		{FABEB65B-B0E7-4EE4-8675-5D355C410832}.Debug|Any CPU.ActiveCfg = Debug|Any CPU
		{FABEB65B-B0E7-4EE4-8675-5D355C410832}.Debug|Any CPU.Build.0 = Debug|Any CPU
		{FABEB65B-B0E7-4EE4-8675-5D355C410832}.Release|Any CPU.ActiveCfg = Release|Any CPU
		{FABEB65B-B0E7-4EE4-8675-5D355C410832}.Release|Any CPU.Build.0 = Release|Any CPU
	EndGlobalSection
	GlobalSection(SolutionProperties) = preSolution
		HideSolutionNode = FALSE
	EndGlobalSection
	GlobalSection(ExtensibilityGlobals) = postSolution
		SolutionGuid = {F4FDE987-670B-423B-833D-291B939AC8C9}
	EndGlobalSection
EndGlobal
